{
  "nodes": {
    "nixpkgs": {
      "locked": {
        "lastModified": 1788039129,
        "narHash": "sha256-q/WSLUzcry6IHERr2wZ/Si63RvoHyez7AZ6P+oLDJ5k=",
        "rev": "d2f67949798825fe853f7c5d0492b8bf016d3f88",
        "type": "tarball",
        "url": "https://releases.nixos.org/nixos/unstable/nixos-26.11pre1064150.d2f679497988/nixexprs.tar.xz"
      },
      "original": {
        "type": "tarball",
        "url": "https://channels.nixos.org/nixos-unstable/nixexprs.tar.xz"
      }
    },
    "push-container": {
      "inputs": {
        "nixpkgs": [
          "nixpkgs"
        ],
        "zon2nix": "zon2nix"
      },
      "locked": {
        "lastModified": 1790481272,
        "narHash": "sha256-h1ldGUI37ZuY10DlCFQ91nAgPsejT/fNkQ2EemqjfQU=",
        "ref": "refs/heads/main",
        "rev": "d9845a97d91c52ac41fbdb6e3cb22e27be406f65",
        "revCount": 24,
        "type": "git",
        "url": "https://git.jcollie.dev/jeff/push-container.git"
      },
      "original": {
        "type": "git",
        "url": "https://git.jcollie.dev/jeff/push-container.git"
      }
    },
    "root": {
      "inputs": {
        "nixpkgs": "nixpkgs",
        "push-container": "push-container"
      }
    },
    "zon2nix": {
      "inputs": {
        "nixpkgs": [
          "push-container",
          "nixpkgs"
        ]
      },
      "locked": {
        "lastModified": 1789872114,
        "narHash": "sha256-yvn1xRRAR2IHuKqejmngftjBm/x/h/RspOg0ol4B5dw=",
        "owner": "jcollie",
        "repo": "zon2nix",
        "rev": "723bddc9c51c5873965a17f922e4139d587764c1",
        "type": "github"
      },
      "original": {
        "owner": "jcollie",
        "repo": "zon2nix",
        "type": "github"
      }
    }
  },
  "root": "root",
  "version": 7
}
