{
  "nodes": {
    "nixpkgs": {
      "locked": {
        "lastModified": 1777268161,
        "narHash": "sha256-e1tDUQMbFCxCnke314UpghgRqg3FJLtcXFfq/WTRLYI=",
        "rev": "1c3fe55ad329cbcb28471bb30f05c9827f724c76",
        "type": "tarball",
        "url": "https://releases.nixos.org/nixos/unstable/nixos-26.05pre987561.1c3fe55ad329/nixexprs.tar.xz"
      },
      "original": {
        "type": "tarball",
        "url": "https://channels.nixos.org/nixos-unstable/nixexprs.tar.xz"
      }
    },
    "push-container": {
      "inputs": {
        "nixpkgs": [
          "nixpkgs"
        ],
        "zig": [
          "zig"
        ]
      },
      "locked": {
        "lastModified": 1771097473,
        "narHash": "sha256-rdwLgKpTuxXwoYZ+Bb4G3AGWllqsUa0hYebhy7rvRvU=",
        "ref": "refs/heads/main",
        "rev": "66fddd025358abde9935f8d3398506bc854eeea1",
        "revCount": 18,
        "type": "git",
        "url": "https://git.ocjtech.us/jeff/push-container.git"
      },
      "original": {
        "type": "git",
        "url": "https://git.ocjtech.us/jeff/push-container.git"
      }
    },
    "root": {
      "inputs": {
        "nixpkgs": "nixpkgs",
        "push-container": "push-container",
        "zig": "zig"
      }
    },
    "zig": {
      "inputs": {
        "nixpkgs": [
          "nixpkgs"
        ]
      },
      "locked": {
        "lastModified": 1777234348,
        "narHash": "sha256-fKw44a4qbUuI5eTG8k0gPbqMV5TOrjYF35PBzsYgd2U=",
        "ref": "refs/heads/main",
        "rev": "2c781c0609ecda600ab98f98cca417bbd981bd53",
        "revCount": 1677,
        "type": "git",
        "url": "https://git.ocjtech.us/jeff/zig-overlay.git"
      },
      "original": {
        "type": "git",
        "url": "https://git.ocjtech.us/jeff/zig-overlay.git"
      }
    }
  },
  "root": "root",
  "version": 7
}
