{
  "nodes": {
    "nixpkgs": {
      "locked": {
        "lastModified": 1788039129,
        "narHash": "sha256-q/WSLUzcry6IHERr2wZ/Si63RvoHyez7AZ6P+oLDJ5k=",
        "rev": "d2f67949798825fe853f7c5d0492b8bf016d3f88",
        "type": "tarball",
        "url": "https://releases.nixos.org/nixos/unstable/nixos-26.11pre1064150.d2f679497988/nixexprs.tar.xz"
      },
      "original": {
        "type": "tarball",
        "url": "https://channels.nixos.org/nixos-unstable/nixexprs.tar.xz"
      }
    },
    "push-container": {
      "inputs": {
        "nixpkgs": [
          "nixpkgs"
        ]
      },
      "locked": {
        "lastModified": 1777517109,
        "narHash": "sha256-vPZd4F2CvD6pqANhmAqtxdvbKAVLAtOmxaQkK9bgcyI=",
        "ref": "refs/heads/main",
        "rev": "9f3ee7603870fc65645cc2eb5ab44b028287ff40",
        "revCount": 19,
        "type": "git",
        "url": "https://git.ocjtech.us/jeff/push-container.git"
      },
      "original": {
        "type": "git",
        "url": "https://git.ocjtech.us/jeff/push-container.git"
      }
    },
    "root": {
      "inputs": {
        "nixpkgs": "nixpkgs",
        "push-container": "push-container"
      }
    }
  },
  "root": "root",
  "version": 7
}
